
Microsoft Visual Studio Solution File, Format Version 12.00
Project("{2150E333-8FDC-42A3-9474-1A3956D46DE8}") = "src", "src", "{827E0CD3-B72D-47B6-A68D-7590B98EB39B}"
EndProject
Project("{2150E333-8FDC-42A3-9474-1A3956D46DE8}") = "Backend", "Backend", "{FE360695-3F2B-1049-3887-35FBB5135923}"
EndProject
Project("{FAE04EC0-301F-11D3-BF4B-00C04F79EFBC}") = "Messenger.Domain", "src\Backend\Messenger.Domain\Messenger.Domain.csproj", "{6402D223-8E76-4CEC-8C82-BCE0F5B2DA9D}"
EndProject
Project("{FAE04EC0-301F-11D3-BF4B-00C04F79EFBC}") = "Messenger.Application", "src\Backend\Messenger.Application\Messenger.Application.csproj", "{FA46F947-3736-41C4-90AF-E7C0B9231E62}"
EndProject
Project("{FAE04EC0-301F-11D3-BF4B-00C04F79EFBC}") = "Messenger.Api", "src\Backend\Messenger.Api\Messenger.Api.csproj", "{1AD0DE97-3BEC-4BA5-A0D3-805D0012F9E6}"
EndProject
Project("{FAE04EC0-301F-11D3-BF4B-00C04F79EFBC}") = "Messenger.Infrastructure", "src\Backend\Messenger.Infrastructure\Messenger.Infrastructure.csproj", "{1A74C104-248B-41B7-B5D6-8291FA6DD217}"
EndProject
Project("{2150E333-8FDC-42A3-9474-1A3956D46DE8}") = "Shared", "Shared", "{C8E42992-5E42-0C2B-DBFE-AA848D06431C}"
EndProject
Project("{FAE04EC0-301F-11D3-BF4B-00C04F79EFBC}") = "Messenger.Shared.Contracts", "src\Shared\Messenger.Shared.Contracts\Messenger.Shared.Contracts.csproj", "{70FCBAE9-1E14-4F88-A0D1-3304C90DB6C5}"
EndProject
Project("{2150E333-8FDC-42A3-9474-1A3956D46DE8}") = "Client", "Client", "{C5A3B5EA-BE9F-76E5-E9B8-8A22B289B295}"
EndProject
Project("{FAE04EC0-301F-11D3-BF4B-00C04F79EFBC}") = "Messenger.Client.Avalonia", "src\Client\Messenger.Client.Avalonia\Messenger.Client.Avalonia.csproj", "{BB08BE7D-3D7C-4BC8-8E41-9180B48C4C65}"
EndProject
Project("{2150E333-8FDC-42A3-9474-1A3956D46DE8}") = "tests", "tests", "{0AB3BF05-4346-4AA6-1389-037BE0695223}"
EndProject
Project("{FAE04EC0-301F-11D3-BF4B-00C04F79EFBC}") = "Messenger.Application.Tests", "tests\Messenger.Application.Tests\Messenger.Application.Tests.csproj", "{14DBAED3-4711-4FF8-B6C3-E816E703562E}"
EndProject
Project("{FAE04EC0-301F-11D3-BF4B-00C04F79EFBC}") = "Messenger.Client.Tests", "tests\Messenger.Client.Tests\Messenger.Client.Tests.csproj", "{077C2C5C-127E-40C3-9515-E81F85E69260}"
EndProject
Global
	GlobalSection(SolutionConfigurationPlatforms) = preSolution
		Debug|Any CPU = Debug|Any CPU
		Debug|x64 = Debug|x64
		Debug|x86 = Debug|x86
		Release|Any CPU = Release|Any CPU
		Release|x64 = Release|x64
		Release|x86 = Release|x86
	EndGlobalSection
	GlobalSection(ProjectConfigurationPlatforms) = postSolution
		{6402D223-8E76-4CEC-8C82-BCE0F5B2DA9D}.Debug|Any CPU.ActiveCfg = Debug|Any CPU
		{6402D223-8E76-4CEC-8C82-BCE0F5B2DA9D}.Debug|Any CPU.Build.0 = Debug|Any CPU
		{6402D223-8E76-4CEC-8C82-BCE0F5B2DA9D}.Debug|x64.ActiveCfg = Debug|Any CPU
		{6402D223-8E76-4CEC-8C82-BCE0F5B2DA9D}.Debug|x64.Build.0 = Debug|Any CPU
		{6402D223-8E76-4CEC-8C82-BCE0F5B2DA9D}.Debug|x86.ActiveCfg = Debug|Any CPU
		{6402D223-8E76-4CEC-8C82-BCE0F5B2DA9D}.Debug|x86.Build.0 = Debug|Any CPU
		{6402D223-8E76-4CEC-8C82-BCE0F5B2DA9D}.Release|Any CPU.ActiveCfg = Release|Any CPU
		{6402D223-8E76-4CEC-8C82-BCE0F5B2DA9D}.Release|Any CPU.Build.0 = Release|Any CPU
		{6402D223-8E76-4CEC-8C82-BCE0F5B2DA9D}.Release|x64.ActiveCfg = Release|Any CPU
		{6402D223-8E76-4CEC-8C82-BCE0F5B2DA9D}.Release|x64.Build.0 = Release|Any CPU
		{6402D223-8E76-4CEC-8C82-BCE0F5B2DA9D}.Release|x86.ActiveCfg = Release|Any CPU
		{6402D223-8E76-4CEC-8C82-BCE0F5B2DA9D}.Release|x86.Build.0 = Release|Any CPU
		{FA46F947-3736-41C4-90AF-E7C0B9231E62}.Debug|Any CPU.ActiveCfg = Debug|Any CPU
		{FA46F947-3736-41C4-90AF-E7C0B9231E62}.Debug|Any CPU.Build.0 = Debug|Any CPU
		{FA46F947-3736-41C4-90AF-E7C0B9231E62}.Debug|x64.ActiveCfg = Debug|Any CPU
		{FA46F947-3736-41C4-90AF-E7C0B9231E62}.Debug|x64.Build.0 = Debug|Any CPU
		{FA46F947-3736-41C4-90AF-E7C0B9231E62}.Debug|x86.ActiveCfg = Debug|Any CPU
		{FA46F947-3736-41C4-90AF-E7C0B9231E62}.Debug|x86.Build.0 = Debug|Any CPU
		{FA46F947-3736-41C4-90AF-E7C0B9231E62}.Release|Any CPU.ActiveCfg = Release|Any CPU
		{FA46F947-3736-41C4-90AF-E7C0B9231E62}.Release|Any CPU.Build.0 = Release|Any CPU
		{FA46F947-3736-41C4-90AF-E7C0B9231E62}.Release|x64.ActiveCfg = Release|Any CPU
		{FA46F947-3736-41C4-90AF-E7C0B9231E62}.Release|x64.Build.0 = Release|Any CPU
		{FA46F947-3736-41C4-90AF-E7C0B9231E62}.Release|x86.ActiveCfg = Release|Any CPU
		{FA46F947-3736-41C4-90AF-E7C0B9231E62}.Release|x86.Build.0 = Release|Any CPU
		{1AD0DE97-3BEC-4BA5-A0D3-805D0012F9E6}.Debug|Any CPU.ActiveCfg = Debug|Any CPU
		{1AD0DE97-3BEC-4BA5-A0D3-805D0012F9E6}.Debug|Any CPU.Build.0 = Debug|Any CPU
		{1AD0DE97-3BEC-4BA5-A0D3-805D0012F9E6}.Debug|x64.ActiveCfg = Debug|Any CPU
		{1AD0DE97-3BEC-4BA5-A0D3-805D0012F9E6}.Debug|x64.Build.0 = Debug|Any CPU
		{1AD0DE97-3BEC-4BA5-A0D3-805D0012F9E6}.Debug|x86.ActiveCfg = Debug|Any CPU
		{1AD0DE97-3BEC-4BA5-A0D3-805D0012F9E6}.Debug|x86.Build.0 = Debug|Any CPU
		{1AD0DE97-3BEC-4BA5-A0D3-805D0012F9E6}.Release|Any CPU.ActiveCfg = Release|Any CPU
		{1AD0DE97-3BEC-4BA5-A0D3-805D0012F9E6}.Release|Any CPU.Build.0 = Release|Any CPU
		{1AD0DE97-3BEC-4BA5-A0D3-805D0012F9E6}.Release|x64.ActiveCfg = Release|Any CPU
		{1AD0DE97-3BEC-4BA5-A0D3-805D0012F9E6}.Release|x64.Build.0 = Release|Any CPU
		{1AD0DE97-3BEC-4BA5-A0D3-805D0012F9E6}.Release|x86.ActiveCfg = Release|Any CPU
		{1AD0DE97-3BEC-4BA5-A0D3-805D0012F9E6}.Release|x86.Build.0 = Release|Any CPU
		{1A74C104-248B-41B7-B5D6-8291FA6DD217}.Debug|Any CPU.ActiveCfg = Debug|Any CPU
		{1A74C104-248B-41B7-B5D6-8291FA6DD217}.Debug|Any CPU.Build.0 = Debug|Any CPU
		{1A74C104-248B-41B7-B5D6-8291FA6DD217}.Debug|x64.ActiveCfg = Debug|Any CPU
		{1A74C104-248B-41B7-B5D6-8291FA6DD217}.Debug|x64.Build.0 = Debug|Any CPU
		{1A74C104-248B-41B7-B5D6-8291FA6DD217}.Debug|x86.ActiveCfg = Debug|Any CPU
		{1A74C104-248B-41B7-B5D6-8291FA6DD217}.Debug|x86.Build.0 = Debug|Any CPU
		{1A74C104-248B-41B7-B5D6-8291FA6DD217}.Release|Any CPU.ActiveCfg = Release|Any CPU
		{1A74C104-248B-41B7-B5D6-8291FA6DD217}.Release|Any CPU.Build.0 = Release|Any CPU
		{1A74C104-248B-41B7-B5D6-8291FA6DD217}.Release|x64.ActiveCfg = Release|Any CPU
		{1A74C104-248B-41B7-B5D6-8291FA6DD217}.Release|x64.Build.0 = Release|Any CPU
		{1A74C104-248B-41B7-B5D6-8291FA6DD217}.Release|x86.ActiveCfg = Release|Any CPU
		{1A74C104-248B-41B7-B5D6-8291FA6DD217}.Release|x86.Build.0 = Release|Any CPU
		{70FCBAE9-1E14-4F88-A0D1-3304C90DB6C5}.Debug|Any CPU.ActiveCfg = Debug|Any CPU
		{70FCBAE9-1E14-4F88-A0D1-3304C90DB6C5}.Debug|Any CPU.Build.0 = Debug|Any CPU
		{70FCBAE9-1E14-4F88-A0D1-3304C90DB6C5}.Debug|x64.ActiveCfg = Debug|Any CPU
		{70FCBAE9-1E14-4F88-A0D1-3304C90DB6C5}.Debug|x64.Build.0 = Debug|Any CPU
		{70FCBAE9-1E14-4F88-A0D1-3304C90DB6C5}.Debug|x86.ActiveCfg = Debug|Any CPU
		{70FCBAE9-1E14-4F88-A0D1-3304C90DB6C5}.Debug|x86.Build.0 = Debug|Any CPU
		{70FCBAE9-1E14-4F88-A0D1-3304C90DB6C5}.Release|Any CPU.ActiveCfg = Release|Any CPU
		{70FCBAE9-1E14-4F88-A0D1-3304C90DB6C5}.Release|Any CPU.Build.0 = Release|Any CPU
		{70FCBAE9-1E14-4F88-A0D1-3304C90DB6C5}.Release|x64.ActiveCfg = Release|Any CPU
		{70FCBAE9-1E14-4F88-A0D1-3304C90DB6C5}.Release|x64.Build.0 = Release|Any CPU
		{70FCBAE9-1E14-4F88-A0D1-3304C90DB6C5}.Release|x86.ActiveCfg = Release|Any CPU
		{70FCBAE9-1E14-4F88-A0D1-3304C90DB6C5}.Release|x86.Build.0 = Release|Any CPU
		{BB08BE7D-3D7C-4BC8-8E41-9180B48C4C65}.Debug|Any CPU.ActiveCfg = Debug|Any CPU
		{BB08BE7D-3D7C-4BC8-8E41-9180B48C4C65}.Debug|Any CPU.Build.0 = Debug|Any CPU
		{BB08BE7D-3D7C-4BC8-8E41-9180B48C4C65}.Debug|x64.ActiveCfg = Debug|Any CPU
		{BB08BE7D-3D7C-4BC8-8E41-9180B48C4C65}.Debug|x64.Build.0 = Debug|Any CPU
		{BB08BE7D-3D7C-4BC8-8E41-9180B48C4C65}.Debug|x86.ActiveCfg = Debug|Any CPU
		{BB08BE7D-3D7C-4BC8-8E41-9180B48C4C65}.Debug|x86.Build.0 = Debug|Any CPU
		{BB08BE7D-3D7C-4BC8-8E41-9180B48C4C65}.Release|Any CPU.ActiveCfg = Release|Any CPU
		{BB08BE7D-3D7C-4BC8-8E41-9180B48C4C65}.Release|Any CPU.Build.0 = Release|Any CPU
		{BB08BE7D-3D7C-4BC8-8E41-9180B48C4C65}.Release|x64.ActiveCfg = Release|Any CPU
		{BB08BE7D-3D7C-4BC8-8E41-9180B48C4C65}.Release|x64.Build.0 = Release|Any CPU
		{BB08BE7D-3D7C-4BC8-8E41-9180B48C4C65}.Release|x86.ActiveCfg = Release|Any CPU
		{BB08BE7D-3D7C-4BC8-8E41-9180B48C4C65}.Release|x86.Build.0 = Release|Any CPU
		{14DBAED3-4711-4FF8-B6C3-E816E703562E}.Debug|Any CPU.ActiveCfg = Debug|Any CPU
		{14DBAED3-4711-4FF8-B6C3-E816E703562E}.Debug|Any CPU.Build.0 = Debug|Any CPU
		{14DBAED3-4711-4FF8-B6C3-E816E703562E}.Debug|x64.ActiveCfg = Debug|Any CPU
		{14DBAED3-4711-4FF8-B6C3-E816E703562E}.Debug|x64.Build.0 = Debug|Any CPU
		{14DBAED3-4711-4FF8-B6C3-E816E703562E}.Debug|x86.ActiveCfg = Debug|Any CPU
		{14DBAED3-4711-4FF8-B6C3-E816E703562E}.Debug|x86.Build.0 = Debug|Any CPU
		{14DBAED3-4711-4FF8-B6C3-E816E703562E}.Release|Any CPU.ActiveCfg = Release|Any CPU
		{14DBAED3-4711-4FF8-B6C3-E816E703562E}.Release|Any CPU.Build.0 = Release|Any CPU
		{14DBAED3-4711-4FF8-B6C3-E816E703562E}.Release|x64.ActiveCfg = Release|Any CPU
		{14DBAED3-4711-4FF8-B6C3-E816E703562E}.Release|x64.Build.0 = Release|Any CPU
		{14DBAED3-4711-4FF8-B6C3-E816E703562E}.Release|x86.ActiveCfg = Release|Any CPU
		{14DBAED3-4711-4FF8-B6C3-E816E703562E}.Release|x86.Build.0 = Release|Any CPU
		{077C2C5C-127E-40C3-9515-E81F85E69260}.Debug|Any CPU.ActiveCfg = Debug|Any CPU
		{077C2C5C-127E-40C3-9515-E81F85E69260}.Debug|Any CPU.Build.0 = Debug|Any CPU
		{077C2C5C-127E-40C3-9515-E81F85E69260}.Debug|x64.ActiveCfg = Debug|Any CPU
		{077C2C5C-127E-40C3-9515-E81F85E69260}.Debug|x64.Build.0 = Debug|Any CPU
		{077C2C5C-127E-40C3-9515-E81F85E69260}.Debug|x86.ActiveCfg = Debug|Any CPU
		{077C2C5C-127E-40C3-9515-E81F85E69260}.Debug|x86.Build.0 = Debug|Any CPU
		{077C2C5C-127E-40C3-9515-E81F85E69260}.Release|Any CPU.ActiveCfg = Release|Any CPU
		{077C2C5C-127E-40C3-9515-E81F85E69260}.Release|Any CPU.Build.0 = Release|Any CPU
		{077C2C5C-127E-40C3-9515-E81F85E69260}.Release|x64.ActiveCfg = Release|Any CPU
		{077C2C5C-127E-40C3-9515-E81F85E69260}.Release|x64.Build.0 = Release|Any CPU
		{077C2C5C-127E-40C3-9515-E81F85E69260}.Release|x86.ActiveCfg = Release|Any CPU
		{077C2C5C-127E-40C3-9515-E81F85E69260}.Release|x86.Build.0 = Release|Any CPU
	EndGlobalSection
	GlobalSection(SolutionProperties) = preSolution
		HideSolutionNode = FALSE
	EndGlobalSection
	GlobalSection(NestedProjects) = preSolution
		{FE360695-3F2B-1049-3887-35FBB5135923} = {827E0CD3-B72D-47B6-A68D-7590B98EB39B}
		{6402D223-8E76-4CEC-8C82-BCE0F5B2DA9D} = {FE360695-3F2B-1049-3887-35FBB5135923}
		{FA46F947-3736-41C4-90AF-E7C0B9231E62} = {FE360695-3F2B-1049-3887-35FBB5135923}
		{1AD0DE97-3BEC-4BA5-A0D3-805D0012F9E6} = {FE360695-3F2B-1049-3887-35FBB5135923}
		{1A74C104-248B-41B7-B5D6-8291FA6DD217} = {FE360695-3F2B-1049-3887-35FBB5135923}
		{C8E42992-5E42-0C2B-DBFE-AA848D06431C} = {827E0CD3-B72D-47B6-A68D-7590B98EB39B}
		{70FCBAE9-1E14-4F88-A0D1-3304C90DB6C5} = {C8E42992-5E42-0C2B-DBFE-AA848D06431C}
		{C5A3B5EA-BE9F-76E5-E9B8-8A22B289B295} = {827E0CD3-B72D-47B6-A68D-7590B98EB39B}
		{BB08BE7D-3D7C-4BC8-8E41-9180B48C4C65} = {C5A3B5EA-BE9F-76E5-E9B8-8A22B289B295}
		{14DBAED3-4711-4FF8-B6C3-E816E703562E} = {0AB3BF05-4346-4AA6-1389-037BE0695223}
		{077C2C5C-127E-40C3-9515-E81F85E69260} = {0AB3BF05-4346-4AA6-1389-037BE0695223}
	EndGlobalSection
EndGlobal
